// !$*UTF8*$!
{
	archiveVersion = 1;
	classes = {
	};
	objectVersion = 50;
	objects = {

/* Begin PBXBuildFile section */
		19240C3B2603400200577DAE /* AppDelegate.swift in Sources */ = {isa = PBXBuildFile; fileRef = 19240C3A2603400200577DAE /* AppDelegate.swift */; };
		19240C3D2603400200577DAE /* SceneDelegate.swift in Sources */ = {isa = PBXBuildFile; fileRef = 19240C3C2603400200577DAE /* SceneDelegate.swift */; };
		19240C3F2603400200577DAE /* ViewController.swift in Sources */ = {isa = PBXBuildFile; fileRef = 19240C3E2603400200577DAE /* ViewController.swift */; };
		19240C422603400200577DAE /* Main.storyboard in Resources */ = {isa = PBXBuildFile; fileRef = 19240C402603400200577DAE /* Main.storyboard */; };
		19240C442603400B00577DAE /* Assets.xcassets in Resources */ = {isa = PBXBuildFile; fileRef = 19240C432603400B00577DAE /* Assets.xcassets */; };
		19240C472603400B00577DAE /* LaunchScreen.storyboard in Resources */ = {isa = PBXBuildFile; fileRef = 19240C452603400B00577DAE /* LaunchScreen.storyboard */; };
		19A57E2F2603990A009D500F /* SongsManager.swift in Sources */ = {isa = PBXBuildFile; fileRef = 19A57E2E2603990A009D500F /* SongsManager.swift */; };
		19A57E332603C68A009D500F /* SongsData.swift in Sources */ = {isa = PBXBuildFile; fileRef = 19A57E322603C68A009D500F /* SongsData.swift */; };
/* End PBXBuildFile section */

/* Begin PBXFileReference section */
		19240C372603400200577DAE /* ItunesAPI.app */ = {isa = PBXFileReference; explicitFileType = wrapper.application; includeInIndex = 0; path = ItunesAPI.app; sourceTree = BUILT_PRODUCTS_DIR; };
		19240C3A2603400200577DAE /* AppDelegate.swift */ = {isa = PBXFileReference; lastKnownFileType = sourcecode.swift; path = AppDelegate.swift; sourceTree = "<group>"; };
		19240C3C2603400200577DAE /* SceneDelegate.swift */ = {isa = PBXFileReference; lastKnownFileType = sourcecode.swift; path = SceneDelegate.swift; sourceTree = "<group>"; };
		19240C3E2603400200577DAE /* ViewController.swift */ = {isa = PBXFileReference; lastKnownFileType = sourcecode.swift; path = ViewController.swift; sourceTree = "<group>"; };
		19240C412603400200577DAE /* Base */ = {isa = PBXFileReference; lastKnownFileType = file.storyboard; name = Base; path = Base.lproj/Main.storyboard; sourceTree = "<group>"; };
		19240C432603400B00577DAE /* Assets.xcassets */ = {isa = PBXFileReference; lastKnownFileType = folder.assetcatalog; path = Assets.xcassets; sourceTree = "<group>"; };
		19240C462603400B00577DAE /* Base */ = {isa = PBXFileReference; lastKnownFileType = file.storyboard; name = Base; path = Base.lproj/LaunchScreen.storyboard; sourceTree = "<group>"; };
		19240C482603400B00577DAE /* Info.plist */ = {isa = PBXFileReference; lastKnownFileType = text.plist.xml; path = Info.plist; sourceTree = "<group>"; };
		19A57E2E2603990A009D500F /* SongsManager.swift */ = {isa = PBXFileReference; lastKnownFileType = sourcecode.swift; path = SongsManager.swift; sourceTree = "<group>"; };
		19A57E322603C68A009D500F /* SongsData.swift */ = {isa = PBXFileReference; lastKnownFileType = sourcecode.swift; path = SongsData.swift; sourceTree = "<group>"; };
/* End PBXFileReference section */

/* Begin PBXFrameworksBuildPhase section */
		19240C342603400200577DAE /* Frameworks */ = {
			isa = PBXFrameworksBuildPhase;
			buildActionMask = 2147483647;
			files = (
			);
			runOnlyForDeploymentPostprocessing = 0;
		};
/* End PBXFrameworksBuildPhase section */

/* Begin PBXGroup section */
		19240C2E2603400200577DAE = {
			isa = PBXGroup;
			children = (
				19240C392603400200577DAE /* ItunesAPI */,
				19240C382603400200577DAE /* Products */,
			);
			sourceTree = "<group>";
		};
		19240C382603400200577DAE /* Products */ = {
			isa = PBXGroup;
			children = (
				19240C372603400200577DAE /* ItunesAPI.app */,
			);
			name = Products;
			sourceTree = "<group>";
		};
		19240C392603400200577DAE /* ItunesAPI */ = {
			isa = PBXGroup;
			children = (
				19240C3A2603400200577DAE /* AppDelegate.swift */,
				19240C3C2603400200577DAE /* SceneDelegate.swift */,
				19A57E2D260342BF009D500F /* Model */,
				19240C4E2603413400577DAE /* View */,
				19240C4F260341C700577DAE /* Controller */,
				19240C432603400B00577DAE /* Assets.xcassets */,
				19240C452603400B00577DAE /* LaunchScreen.storyboard */,
				19240C482603400B00577DAE /* Info.plist */,
			);
			path = ItunesAPI;
			sourceTree = "<group>";
		};
		19240C4E2603413400577DAE /* View */ = {
			isa = PBXGroup;
			children = (
				19240C402603400200577DAE /* Main.storyboard */,
			);
			path = View;
			sourceTree = "<group>";
		};
		19240C4F260341C700577DAE /* Controller */ = {
			isa = PBXGroup;
			children = (
				19240C3E2603400200577DAE /* ViewController.swift */,
			);
			path = Controller;
			sourceTree = "<group>";
		};
		19A57E2D260342BF009D500F /* Model */ = {
			isa = PBXGroup;
			children = (
				19A57E2E2603990A009D500F /* SongsManager.swift */,
				19A57E322603C68A009D500F /* SongsData.swift */,
			);
			path = Model;
			sourceTree = "<group>";
		};
/* End PBXGroup section */

/* Begin PBXNativeTarget section */
		19240C362603400200577DAE /* ItunesAPI */ = {
			isa = PBXNativeTarget;
			buildConfigurationList = 19240C4B2603400B00577DAE /* Build configuration list for PBXNativeTarget "ItunesAPI" */;
			buildPhases = (
				19240C332603400200577DAE /* Sources */,
				19240C342603400200577DAE /* Frameworks */,
				19240C352603400200577DAE /* Resources */,
			);
			buildRules = (
			);
			dependencies = (
			);
			name = ItunesAPI;
			productName = ItunesAPI;
			productReference = 19240C372603400200577DAE /* ItunesAPI.app */;
			productType = "com.apple.product-type.application";
		};
/* End PBXNativeTarget section */

/* Begin PBXProject section */
		19240C2F2603400200577DAE /* Project object */ = {
			isa = PBXProject;
			attributes = {
				LastSwiftUpdateCheck = 1120;
				LastUpgradeCheck = 1120;
				ORGANIZATIONNAME = Manasa;
				TargetAttributes = {
					19240C362603400200577DAE = {
						CreatedOnToolsVersion = 11.2.1;
					};
				};
			};
			buildConfigurationList = 19240C322603400200577DAE /* Build configuration list for PBXProject "ItunesAPI" */;
			compatibilityVersion = "Xcode 9.3";
			developmentRegion = en;
			hasScannedForEncodings = 0;
			knownRegions = (
				en,
				Base,
			);
			mainGroup = 19240C2E2603400200577DAE;
			productRefGroup = 19240C382603400200577DAE /* Products */;
			projectDirPath = "";
			projectRoot = "";
			targets = (
				19240C362603400200577DAE /* ItunesAPI */,
			);
		};
/* End PBXProject section */

/* Begin PBXResourcesBuildPhase section */
		19240C352603400200577DAE /* Resources */ = {
			isa = PBXResourcesBuildPhase;
			buildActionMask = 2147483647;
			files = (
				19240C472603400B00577DAE /* LaunchScreen.storyboard in Resources */,
				19240C442603400B00577DAE /* Assets.xcassets in Resources */,
				19240C422603400200577DAE /* Main.storyboard in Resources */,
			);
			runOnlyForDeploymentPostprocessing = 0;
		};
/* End PBXResourcesBuildPhase section */

/* Begin PBXSourcesBuildPhase section */
		19240C332603400200577DAE /* Sources */ = {
			isa = PBXSourcesBuildPhase;
			buildActionMask = 2147483647;
			files = (
				19A57E332603C68A009D500F /* SongsData.swift in Sources */,
				19240C3F2603400200577DAE /* ViewController.swift in Sources */,
				19240C3B2603400200577DAE /* AppDelegate.swift in Sources */,
				19A57E2F2603990A009D500F /* SongsManager.swift in Sources */,
				19240C3D2603400200577DAE /* SceneDelegate.swift in Sources */,
			);
			runOnlyForDeploymentPostprocessing = 0;
		};
/* End PBXSourcesBuildPhase section */

/* Begin PBXVariantGroup section */
		19240C402603400200577DAE /* Main.storyboard */ = {
			isa = PBXVariantGroup;
			children = (
				19240C412603400200577DAE /* Base */,
			);
			name = Main.storyboard;
			sourceTree = "<group>";
		};
		19240C452603400B00577DAE /* LaunchScreen.storyboard */ = {
			isa = PBXVariantGroup;
			children = (
				19240C462603400B00577DAE /* Base */,
			);
			name = LaunchScreen.storyboard;
			sourceTree = "<group>";
		};
/* End PBXVariantGroup section */

/* Begin XCBuildConfiguration section */
		19240C492603400B00577DAE /* Debug */ = {
			isa = XCBuildConfiguration;
			buildSettings = {
				ALWAYS_SEARCH_USER_PATHS = NO;
				CLANG_ANALYZER_NONNULL = YES;
				CLANG_ANALYZER_NUMBER_OBJECT_CONVERSION = YES_AGGRESSIVE;
				CLANG_CXX_LANGUAGE_STANDARD = "gnu++14";
				CLANG_CXX_LIBRARY = "libc++";
				CLANG_ENABLE_MODULES = YES;
				CLANG_ENABLE_OBJC_ARC = YES;
				CLANG_ENABLE_OBJC_WEAK = YES;
				CLANG_WARN_BLOCK_CAPTURE_AUTORELEASING = YES;
				CLANG_WARN_BOOL_CONVERSION = YES;
				CLANG_WARN_COMMA = YES;
				CLANG_WARN_CONSTANT_CONVERSION = YES;
				CLANG_WARN_DEPRECATED_OBJC_IMPLEMENTATIONS = YES;
				CLANG_WARN_DIRECT_OBJC_ISA_USAGE = YES_ERROR;
				CLANG_WARN_DOCUMENTATION_COMMENTS = YES;
				CLANG_WARN_EMPTY_BODY = YES;
				CLANG_WARN_ENUM_CONVERSION = YES;
				CLANG_WARN_INFINITE_RECURSION = YES;
				CLANG_WARN_INT_CONVERSION = YES;
				CLANG_WARN_NON_LITERAL_NULL_CONVERSION = YES;
				CLANG_WARN_OBJC_IMPLICIT_RETAIN_SELF = YES;
				CLANG_WARN_OBJC_LITERAL_CONVERSION = YES;
				CLANG_WARN_OBJC_ROOT_CLASS = YES_ERROR;
				CLANG_WARN_RANGE_LOOP_ANALYSIS = YES;
				CLANG_WARN_STRICT_PROTOTYPES = YES;
				CLANG_WARN_SUSPICIOUS_MOVE = YES;
				CLANG_WARN_UNGUARDED_AVAILABILITY = YES_AGGRESSIVE;
				CLANG_WARN_UNREACHABLE_CODE = YES;
				CLANG_WARN__DUPLICATE_METHOD_MATCH = YES;
				COPY_PHASE_STRIP = NO;
				DEBUG_INFORMATION_FORMAT = dwarf;
				ENABLE_STRICT_OBJC_MSGSEND = YES;
				ENABLE_TESTABILITY = YES;
				GCC_C_LANGUAGE_STANDARD = gnu11;
				GCC_DYNAMIC_NO_PIC = NO;
				GCC_NO_COMMON_BLOCKS = YES;
				GCC_OPTIMIZATION_LEVEL = 0;
				GCC_PREPROCESSOR_DEFINITIONS = (
					"DEBUG=1",
					"$(inherited)",
				);
				GCC_WARN_64_TO_32_BIT_CONVERSION = YES;
				GCC_WARN_ABOUT_RETURN_TYPE = YES_ERROR;
				GCC_WARN_UNDECLARED_SELECTOR = YES;
				GCC_WARN_UNINITIALIZED_AUTOS = YES_AGGRESSIVE;
				GCC_WARN_UNUSED_FUNCTION = YES;
				GCC_WARN_UNUSED_VARIABLE = YES;
				IPHONEOS_DEPLOYMENT_TARGET = 13.2;
				MTL_ENABLE_DEBUG_INFO = INCLUDE_SOURCE;
				MTL_FAST_MATH = YES;
				ONLY_ACTIVE_ARCH = YES;
				SDKROOT = iphoneos;
				SWIFT_ACTIVE_COMPILATION_CONDITIONS = DEBUG;
				SWIFT_OPTIMIZATION_LEVEL = "-Onone";
			};
			name = Debug;
		};
		19240C4A2603400B00577DAE /* Release */ = {
			isa = XCBuildConfiguration;
			buildSettings = {
				ALWAYS_SEARCH_USER_PATHS = NO;
				CLANG_ANALYZER_NONNULL = YES;
				CLANG_ANALYZER_NUMBER_OBJECT_CONVERSION = YES_AGGRESSIVE;
				CLANG_CXX_LANGUAGE_STANDARD = "gnu++14";
				CLANG_CXX_LIBRARY = "libc++";
				CLANG_ENABLE_MODULES = YES;
				CLANG_ENABLE_OBJC_ARC = YES;
				CLANG_ENABLE_OBJC_WEAK = YES;
				CLANG_WARN_BLOCK_CAPTURE_AUTORELEASING = YES;
				CLANG_WARN_BOOL_CONVERSION = YES;
				CLANG_WARN_COMMA = YES;
				CLANG_WARN_CONSTANT_CONVERSION = YES;
				CLANG_WARN_DEPRECATED_OBJC_IMPLEMENTATIONS = YES;
				CLANG_WARN_DIRECT_OBJC_ISA_USAGE = YES_ERROR;
				CLANG_WARN_DOCUMENTATION_COMMENTS = YES;
				CLANG_WARN_EMPTY_BODY = YES;
				CLANG_WARN_ENUM_CONVERSION = YES;
				CLANG_WARN_INFINITE_RECURSION = YES;
				CLANG_WARN_INT_CONVERSION = YES;
				CLANG_WARN_NON_LITERAL_NULL_CONVERSION = YES;
				CLANG_WARN_OBJC_IMPLICIT_RETAIN_SELF = YES;
				CLANG_WARN_OBJC_LITERAL_CONVERSION = YES;
				CLANG_WARN_OBJC_ROOT_CLASS = YES_ERROR;
				CLANG_WARN_RANGE_LOOP_ANALYSIS = YES;
				CLANG_WARN_STRICT_PROTOTYPES = YES;
				CLANG_WARN_SUSPICIOUS_MOVE = YES;
				CLANG_WARN_UNGUARDED_AVAILABILITY = YES_AGGRESSIVE;
				CLANG_WARN_UNREACHABLE_CODE = YES;
				CLANG_WARN__DUPLICATE_METHOD_MATCH = YES;
				COPY_PHASE_STRIP = NO;
				DEBUG_INFORMATION_FORMAT = "dwarf-with-dsym";
				ENABLE_NS_ASSERTIONS = NO;
				ENABLE_STRICT_OBJC_MSGSEND = YES;
				GCC_C_LANGUAGE_STANDARD = gnu11;
				GCC_NO_COMMON_BLOCKS = YES;
				GCC_WARN_64_TO_32_BIT_CONVERSION = YES;
				GCC_WARN_ABOUT_RETURN_TYPE = YES_ERROR;
				GCC_WARN_UNDECLARED_SELECTOR = YES;
				GCC_WARN_UNINITIALIZED_AUTOS = YES_AGGRESSIVE;
				GCC_WARN_UNUSED_FUNCTION = YES;
				GCC_WARN_UNUSED_VARIABLE = YES;
				IPHONEOS_DEPLOYMENT_TARGET = 13.2;
				MTL_ENABLE_DEBUG_INFO = NO;
				MTL_FAST_MATH = YES;
				SDKROOT = iphoneos;
				SWIFT_COMPILATION_MODE = wholemodule;
				SWIFT_OPTIMIZATION_LEVEL = "-O";
				VALIDATE_PRODUCT = YES;
			};
			name = Release;
		};
		19240C4C2603400B00577DAE /* Debug */ = {
			isa = XCBuildConfiguration;
			buildSettings = {
				ASSETCATALOG_COMPILER_APPICON_NAME = AppIcon;
				CODE_SIGN_STYLE = Automatic;
				INFOPLIST_FILE = ItunesAPI/Info.plist;
				LD_RUNPATH_SEARCH_PATHS = (
					"$(inherited)",
					"@executable_path/Frameworks",
				);
				PRODUCT_BUNDLE_IDENTIFIER = manasa.ItunesAPI;
				PRODUCT_NAME = "$(TARGET_NAME)";
				SWIFT_VERSION = 5.0;
				TARGETED_DEVICE_FAMILY = "1,2";
			};
			name = Debug;
		};
		19240C4D2603400B00577DAE /* Release */ = {
			isa = XCBuildConfiguration;
			buildSettings = {
				ASSETCATALOG_COMPILER_APPICON_NAME = AppIcon;
				CODE_SIGN_STYLE = Automatic;
				INFOPLIST_FILE = ItunesAPI/Info.plist;
				LD_RUNPATH_SEARCH_PATHS = (
					"$(inherited)",
					"@executable_path/Frameworks",
				);
				PRODUCT_BUNDLE_IDENTIFIER = manasa.ItunesAPI;
				PRODUCT_NAME = "$(TARGET_NAME)";
				SWIFT_VERSION = 5.0;
				TARGETED_DEVICE_FAMILY = "1,2";
			};
			name = Release;
		};
/* End XCBuildConfiguration section */

/* Begin XCConfigurationList section */
		19240C322603400200577DAE /* Build configuration list for PBXProject "ItunesAPI" */ = {
			isa = XCConfigurationList;
			buildConfigurations = (
				19240C492603400B00577DAE /* Debug */,
				19240C4A2603400B00577DAE /* Release */,
			);
			defaultConfigurationIsVisible = 0;
			defaultConfigurationName = Release;
		};
		19240C4B2603400B00577DAE /* Build configuration list for PBXNativeTarget "ItunesAPI" */ = {
			isa = XCConfigurationList;
			buildConfigurations = (
				19240C4C2603400B00577DAE /* Debug */,
				19240C4D2603400B00577DAE /* Release */,
			);
			defaultConfigurationIsVisible = 0;
			defaultConfigurationName = Release;
		};
/* End XCConfigurationList section */
	};
	rootObject = 19240C2F2603400200577DAE /* Project object */;
}
